
Microsoft Visual Studio Solution File, Format Version 12.00
# Visual Studio 15
VisualStudioVersion = 15.0.27130.2010
MinimumVisualStudioVersion = 10.0.40219.1
Project("{9A19103F-16F7-4668-BE54-9A1E7A4F7556}") = "TipTapApi", "TipTapApi\TipTapApi.csproj", "{83CFD2DE-3D08-4375-8252-A9D2880DCAF9}"
EndProject
Project("{9A19103F-16F7-4668-BE54-9A1E7A4F7556}") = "Domain", "Domain\Domain.csproj", "{74765994-1E86-4964-99AB-52E69BA9D0A9}"
EndProject
Project("{9A19103F-16F7-4668-BE54-9A1E7A4F7556}") = "Persistence", "Persistence\Persistence.csproj", "{584A68ED-B018-461D-959C-DAE71FEF678D}"
EndProject
Project("{9A19103F-16F7-4668-BE54-9A1E7A4F7556}") = "Application", "Application\Application.csproj", "{1675BE26-912B-49E2-8159-46A36360F9DC}"
EndProject
Project("{9A19103F-16F7-4668-BE54-9A1E7A4F7556}") = "Common", "Common\Common.csproj", "{4218313B-9A83-48E6-855F-35D3DF69DCB7}"
EndProject
Project("{FAE04EC0-301F-11D3-BF4B-00C04F79EFBC}") = "UnitTesting", "UnitTesting\UnitTesting.csproj", "{CFE7E696-0965-49C6-B56B-3921F338E66B}"
EndProject
Global
	GlobalSection(SolutionConfigurationPlatforms) = preSolution
		Debug|Any CPU = Debug|Any CPU
		Debug|x64 = Debug|x64
		Debug|x86 = Debug|x86
		Release|Any CPU = Release|Any CPU
		Release|x64 = Release|x64
		Release|x86 = Release|x86
	EndGlobalSection
	GlobalSection(ProjectConfigurationPlatforms) = postSolution
		{83CFD2DE-3D08-4375-8252-A9D2880DCAF9}.Debug|Any CPU.ActiveCfg = Debug|Any CPU
		{83CFD2DE-3D08-4375-8252-A9D2880DCAF9}.Debug|Any CPU.Build.0 = Debug|Any CPU
		{83CFD2DE-3D08-4375-8252-A9D2880DCAF9}.Debug|x64.ActiveCfg = Debug|Any CPU
		{83CFD2DE-3D08-4375-8252-A9D2880DCAF9}.Debug|x64.Build.0 = Debug|Any CPU
		{83CFD2DE-3D08-4375-8252-A9D2880DCAF9}.Debug|x86.ActiveCfg = Debug|Any CPU
		{83CFD2DE-3D08-4375-8252-A9D2880DCAF9}.Debug|x86.Build.0 = Debug|Any CPU
		{83CFD2DE-3D08-4375-8252-A9D2880DCAF9}.Release|Any CPU.ActiveCfg = Release|Any CPU
		{83CFD2DE-3D08-4375-8252-A9D2880DCAF9}.Release|Any CPU.Build.0 = Release|Any CPU
		{83CFD2DE-3D08-4375-8252-A9D2880DCAF9}.Release|x64.ActiveCfg = Release|Any CPU
		{83CFD2DE-3D08-4375-8252-A9D2880DCAF9}.Release|x64.Build.0 = Release|Any CPU
		{83CFD2DE-3D08-4375-8252-A9D2880DCAF9}.Release|x86.ActiveCfg = Release|Any CPU
		{83CFD2DE-3D08-4375-8252-A9D2880DCAF9}.Release|x86.Build.0 = Release|Any CPU
		{74765994-1E86-4964-99AB-52E69BA9D0A9}.Debug|Any CPU.ActiveCfg = Debug|Any CPU
		{74765994-1E86-4964-99AB-52E69BA9D0A9}.Debug|Any CPU.Build.0 = Debug|Any CPU
		{74765994-1E86-4964-99AB-52E69BA9D0A9}.Debug|x64.ActiveCfg = Debug|Any CPU
		{74765994-1E86-4964-99AB-52E69BA9D0A9}.Debug|x64.Build.0 = Debug|Any CPU
		{74765994-1E86-4964-99AB-52E69BA9D0A9}.Debug|x86.ActiveCfg = Debug|Any CPU
		{74765994-1E86-4964-99AB-52E69BA9D0A9}.Debug|x86.Build.0 = Debug|Any CPU
		{74765994-1E86-4964-99AB-52E69BA9D0A9}.Release|Any CPU.ActiveCfg = Release|Any CPU
		{74765994-1E86-4964-99AB-52E69BA9D0A9}.Release|Any CPU.Build.0 = Release|Any CPU
		{74765994-1E86-4964-99AB-52E69BA9D0A9}.Release|x64.ActiveCfg = Release|Any CPU
		{74765994-1E86-4964-99AB-52E69BA9D0A9}.Release|x64.Build.0 = Release|Any CPU
		{74765994-1E86-4964-99AB-52E69BA9D0A9}.Release|x86.ActiveCfg = Release|Any CPU
		{74765994-1E86-4964-99AB-52E69BA9D0A9}.Release|x86.Build.0 = Release|Any CPU
		{584A68ED-B018-461D-959C-DAE71FEF678D}.Debug|Any CPU.ActiveCfg = Debug|Any CPU
		{584A68ED-B018-461D-959C-DAE71FEF678D}.Debug|Any CPU.Build.0 = Debug|Any CPU
		{584A68ED-B018-461D-959C-DAE71FEF678D}.Debug|x64.ActiveCfg = Debug|Any CPU
		{584A68ED-B018-461D-959C-DAE71FEF678D}.Debug|x64.Build.0 = Debug|Any CPU
		{584A68ED-B018-461D-959C-DAE71FEF678D}.Debug|x86.ActiveCfg = Debug|Any CPU
		{584A68ED-B018-461D-959C-DAE71FEF678D}.Debug|x86.Build.0 = Debug|Any CPU
		{584A68ED-B018-461D-959C-DAE71FEF678D}.Release|Any CPU.ActiveCfg = Release|Any CPU
		{584A68ED-B018-461D-959C-DAE71FEF678D}.Release|Any CPU.Build.0 = Release|Any CPU
		{584A68ED-B018-461D-959C-DAE71FEF678D}.Release|x64.ActiveCfg = Release|Any CPU
		{584A68ED-B018-461D-959C-DAE71FEF678D}.Release|x64.Build.0 = Release|Any CPU
		{584A68ED-B018-461D-959C-DAE71FEF678D}.Release|x86.ActiveCfg = Release|Any CPU
		{584A68ED-B018-461D-959C-DAE71FEF678D}.Release|x86.Build.0 = Release|Any CPU
		{1675BE26-912B-49E2-8159-46A36360F9DC}.Debug|Any CPU.ActiveCfg = Debug|Any CPU
		{1675BE26-912B-49E2-8159-46A36360F9DC}.Debug|Any CPU.Build.0 = Debug|Any CPU
		{1675BE26-912B-49E2-8159-46A36360F9DC}.Debug|x64.ActiveCfg = Debug|Any CPU
		{1675BE26-912B-49E2-8159-46A36360F9DC}.Debug|x64.Build.0 = Debug|Any CPU
		{1675BE26-912B-49E2-8159-46A36360F9DC}.Debug|x86.ActiveCfg = Debug|Any CPU
		{1675BE26-912B-49E2-8159-46A36360F9DC}.Debug|x86.Build.0 = Debug|Any CPU
		{1675BE26-912B-49E2-8159-46A36360F9DC}.Release|Any CPU.ActiveCfg = Release|Any CPU
		{1675BE26-912B-49E2-8159-46A36360F9DC}.Release|Any CPU.Build.0 = Release|Any CPU
		{1675BE26-912B-49E2-8159-46A36360F9DC}.Release|x64.ActiveCfg = Release|Any CPU
		{1675BE26-912B-49E2-8159-46A36360F9DC}.Release|x64.Build.0 = Release|Any CPU
		{1675BE26-912B-49E2-8159-46A36360F9DC}.Release|x86.ActiveCfg = Release|Any CPU
		{1675BE26-912B-49E2-8159-46A36360F9DC}.Release|x86.Build.0 = Release|Any CPU
		{4218313B-9A83-48E6-855F-35D3DF69DCB7}.Debug|Any CPU.ActiveCfg = Debug|Any CPU
		{4218313B-9A83-48E6-855F-35D3DF69DCB7}.Debug|Any CPU.Build.0 = Debug|Any CPU
		{4218313B-9A83-48E6-855F-35D3DF69DCB7}.Debug|x64.ActiveCfg = Debug|Any CPU
		{4218313B-9A83-48E6-855F-35D3DF69DCB7}.Debug|x64.Build.0 = Debug|Any CPU
		{4218313B-9A83-48E6-855F-35D3DF69DCB7}.Debug|x86.ActiveCfg = Debug|Any CPU
		{4218313B-9A83-48E6-855F-35D3DF69DCB7}.Debug|x86.Build.0 = Debug|Any CPU
		{4218313B-9A83-48E6-855F-35D3DF69DCB7}.Release|Any CPU.ActiveCfg = Release|Any CPU
		{4218313B-9A83-48E6-855F-35D3DF69DCB7}.Release|Any CPU.Build.0 = Release|Any CPU
		{4218313B-9A83-48E6-855F-35D3DF69DCB7}.Release|x64.ActiveCfg = Release|Any CPU
		{4218313B-9A83-48E6-855F-35D3DF69DCB7}.Release|x64.Build.0 = Release|Any CPU
		{4218313B-9A83-48E6-855F-35D3DF69DCB7}.Release|x86.ActiveCfg = Release|Any CPU
		{4218313B-9A83-48E6-855F-35D3DF69DCB7}.Release|x86.Build.0 = Release|Any CPU
		{CFE7E696-0965-49C6-B56B-3921F338E66B}.Debug|Any CPU.ActiveCfg = Debug|Any CPU
		{CFE7E696-0965-49C6-B56B-3921F338E66B}.Debug|Any CPU.Build.0 = Debug|Any CPU
		{CFE7E696-0965-49C6-B56B-3921F338E66B}.Debug|x64.ActiveCfg = Debug|Any CPU
		{CFE7E696-0965-49C6-B56B-3921F338E66B}.Debug|x64.Build.0 = Debug|Any CPU
		{CFE7E696-0965-49C6-B56B-3921F338E66B}.Debug|x86.ActiveCfg = Debug|Any CPU
		{CFE7E696-0965-49C6-B56B-3921F338E66B}.Debug|x86.Build.0 = Debug|Any CPU
		{CFE7E696-0965-49C6-B56B-3921F338E66B}.Release|Any CPU.ActiveCfg = Release|Any CPU
		{CFE7E696-0965-49C6-B56B-3921F338E66B}.Release|Any CPU.Build.0 = Release|Any CPU
		{CFE7E696-0965-49C6-B56B-3921F338E66B}.Release|x64.ActiveCfg = Release|Any CPU
		{CFE7E696-0965-49C6-B56B-3921F338E66B}.Release|x64.Build.0 = Release|Any CPU
		{CFE7E696-0965-49C6-B56B-3921F338E66B}.Release|x86.ActiveCfg = Release|Any CPU
		{CFE7E696-0965-49C6-B56B-3921F338E66B}.Release|x86.Build.0 = Release|Any CPU
	EndGlobalSection
	GlobalSection(SolutionProperties) = preSolution
		HideSolutionNode = FALSE
	EndGlobalSection
	GlobalSection(ExtensibilityGlobals) = postSolution
		SolutionGuid = {72D3930E-9FA8-4D80-93C7-FBB6313C3FC1}
	EndGlobalSection
EndGlobal
